[[package]]
name = "argparse"
version = "1.4.0"
description = "Python command-line parsing library"
category = "main"
optional = false
python-versions = "*"

[[package]]
name = "jsons"
version = "1.6.3"
description = "For serializing Python objects to JSON (dicts) and back"
category = "main"
optional = false
python-versions = ">=3.5"

[package.dependencies]
typish = ">=1.9.2"

[package.extras]
test = ["attrs", "coverage", "codecov", "pytest", "scons", "dataclasses", "tzdata"]

[[package]]
name = "typish"
version = "1.9.3"
description = "Functionality for types"
category = "main"
optional = false
python-versions = "*"

[package.extras]
test = ["numpy", "nptyping (>=1.3.0)", "pycodestyle", "pylint", "mypy", "pytest", "coverage", "codecov"]

[metadata]
lock-version = "1.1"
python-versions = "^3.10"
content-hash = "1127c8285da45e20ba0a88f13226308dfa817289db5993fe5b1b929ce3f897f8"

[metadata.files]
argparse = []
jsons = []
typish = []
